
Microsoft Visual Studio Solution File, Format Version 12.00
# Visual Studio Version 16
VisualStudioVersion = 16.0.29519.181
MinimumVisualStudioVersion = 10.0.40219.1
Project("{FAE04EC0-301F-11D3-BF4B-00C04F79EFBC}") = "AdiasWebpage", "AdiasWebpage\AdiasWebpage.csproj", "{0EEDA318-D793-47DD-A343-49AB569C6456}"
EndProject
Global
	GlobalSection(SolutionConfigurationPlatforms) = preSolution
		Debug|Any CPU = Debug|Any CPU
		Release|Any CPU = Release|Any CPU
	EndGlobalSection
	GlobalSection(ProjectConfigurationPlatforms) = postSolution
		{0EEDA318-D793-47DD-A343-49AB569C6456}.Debug|Any CPU.ActiveCfg = Debug|Any CPU
		{0EEDA318-D793-47DD-A343-49AB569C6456}.Debug|Any CPU.Build.0 = Debug|Any CPU
		{0EEDA318-D793-47DD-A343-49AB569C6456}.Release|Any CPU.ActiveCfg = Release|Any CPU
		{0EEDA318-D793-47DD-A343-49AB569C6456}.Release|Any CPU.Build.0 = Release|Any CPU
	EndGlobalSection
	GlobalSection(SolutionProperties) = preSolution
		HideSolutionNode = FALSE
	EndGlobalSection
	GlobalSection(ExtensibilityGlobals) = postSolution
		SolutionGuid = {FB9D3CEB-E175-4DBC-BAA6-47EB2A56ED00}
	EndGlobalSection
EndGlobal
